// !$*UTF8*$!
{
	archiveVersion = 1;
	classes = {
	};
	objectVersion = 60;
	objects = {

/* Begin PBXBuildFile section */
		D90A07E22C3ACFE3000FEF36 /* KeyboardShortcutsConflictTestApp.swift in Sources */ = {isa = PBXBuildFile; fileRef = D90A07E12C3ACFE3000FEF36 /* KeyboardShortcutsConflictTestApp.swift */; };
		D90A07E42C3ACFE3000FEF36 /* ContentView.swift in Sources */ = {isa = PBXBuildFile; fileRef = D90A07E32C3ACFE3000FEF36 /* ContentView.swift */; };
		D90A07E62C3ACFE4000FEF36 /* Assets.xcassets in Resources */ = {isa = PBXBuildFile; fileRef = D90A07E52C3ACFE4000FEF36 /* Assets.xcassets */; };
		D90A07E92C3ACFE4000FEF36 /* Preview Assets.xcassets in Resources */ = {isa = PBXBuildFile; fileRef = D90A07E82C3ACFE4000FEF36 /* Preview Assets.xcassets */; };
		D90A07F22C3AD02C000FEF36 /* KeyboardShortcuts in Frameworks */ = {isa = PBXBuildFile; productRef = D90A07F12C3AD02C000FEF36 /* KeyboardShortcuts */; };
/* End PBXBuildFile section */

/* Begin PBXFileReference section */
		D90A07DE2C3ACFE3000FEF36 /* KeyboardShortcutsConflictTest.app */ = {isa = PBXFileReference; explicitFileType = wrapper.application; includeInIndex = 0; path = KeyboardShortcutsConflictTest.app; sourceTree = BUILT_PRODUCTS_DIR; };
		D90A07E12C3ACFE3000FEF36 /* KeyboardShortcutsConflictTestApp.swift */ = {isa = PBXFileReference; lastKnownFileType = sourcecode.swift; path = KeyboardShortcutsConflictTestApp.swift; sourceTree = "<group>"; };
		D90A07E32C3ACFE3000FEF36 /* ContentView.swift */ = {isa = PBXFileReference; lastKnownFileType = sourcecode.swift; path = ContentView.swift; sourceTree = "<group>"; };
		D90A07E52C3ACFE4000FEF36 /* Assets.xcassets */ = {isa = PBXFileReference; lastKnownFileType = folder.assetcatalog; path = Assets.xcassets; sourceTree = "<group>"; };
		D90A07E82C3ACFE4000FEF36 /* Preview Assets.xcassets */ = {isa = PBXFileReference; lastKnownFileType = folder.assetcatalog; path = "Preview Assets.xcassets"; sourceTree = "<group>"; };
		D90A07EA2C3ACFE4000FEF36 /* KeyboardShortcutsConflictTest.entitlements */ = {isa = PBXFileReference; lastKnownFileType = text.plist.entitlements; path = KeyboardShortcutsConflictTest.entitlements; sourceTree = "<group>"; };
/* End PBXFileReference section */

/* Begin PBXFrameworksBuildPhase section */
		D90A07DB2C3ACFE3000FEF36 /* Frameworks */ = {
			isa = PBXFrameworksBuildPhase;
			buildActionMask = 2147483647;
			files = (
				D90A07F22C3AD02C000FEF36 /* KeyboardShortcuts in Frameworks */,
			);
			runOnlyForDeploymentPostprocessing = 0;
		};
/* End PBXFrameworksBuildPhase section */

/* Begin PBXGroup section */
		D90A07D52C3ACFE3000FEF36 = {
			isa = PBXGroup;
			children = (
				D90A07E02C3ACFE3000FEF36 /* KeyboardShortcutsConflictTest */,
				D90A07DF2C3ACFE3000FEF36 /* Products */,
			);
			sourceTree = "<group>";
		};
		D90A07DF2C3ACFE3000FEF36 /* Products */ = {
			isa = PBXGroup;
			children = (
				D90A07DE2C3ACFE3000FEF36 /* KeyboardShortcutsConflictTest.app */,
			);
			name = Products;
			sourceTree = "<group>";
		};
		D90A07E02C3ACFE3000FEF36 /* KeyboardShortcutsConflictTest */ = {
			isa = PBXGroup;
			children = (
				D90A07E12C3ACFE3000FEF36 /* KeyboardShortcutsConflictTestApp.swift */,
				D90A07E32C3ACFE3000FEF36 /* ContentView.swift */,
				D90A07E52C3ACFE4000FEF36 /* Assets.xcassets */,
				D90A07EA2C3ACFE4000FEF36 /* KeyboardShortcutsConflictTest.entitlements */,
				D90A07E72C3ACFE4000FEF36 /* Preview Content */,
			);
			path = KeyboardShortcutsConflictTest;
			sourceTree = "<group>";
		};
		D90A07E72C3ACFE4000FEF36 /* Preview Content */ = {
			isa = PBXGroup;
			children = (
				D90A07E82C3ACFE4000FEF36 /* Preview Assets.xcassets */,
			);
			path = "Preview Content";
			sourceTree = "<group>";
		};
/* End PBXGroup section */

/* Begin PBXNativeTarget section */
		D90A07DD2C3ACFE3000FEF36 /* KeyboardShortcutsConflictTest */ = {
			isa = PBXNativeTarget;
			buildConfigurationList = D90A07ED2C3ACFE4000FEF36 /* Build configuration list for PBXNativeTarget "KeyboardShortcutsConflictTest" */;
			buildPhases = (
				D90A07DA2C3ACFE3000FEF36 /* Sources */,
				D90A07DB2C3ACFE3000FEF36 /* Frameworks */,
				D90A07DC2C3ACFE3000FEF36 /* Resources */,
			);
			buildRules = (
			);
			dependencies = (
			);
			name = KeyboardShortcutsConflictTest;
			packageProductDependencies = (
				D90A07F12C3AD02C000FEF36 /* KeyboardShortcuts */,
			);
			productName = KeyboardShortcutsConflictTest;
			productReference = D90A07DE2C3ACFE3000FEF36 /* KeyboardShortcutsConflictTest.app */;
			productType = "com.apple.product-type.application";
		};
/* End PBXNativeTarget section */

/* Begin PBXProject section */
		D90A07D62C3ACFE3000FEF36 /* Project object */ = {
			isa = PBXProject;
			attributes = {
				BuildIndependentTargetsInParallel = 1;
				LastSwiftUpdateCheck = 1600;
				LastUpgradeCheck = 1600;
				TargetAttributes = {
					D90A07DD2C3ACFE3000FEF36 = {
						CreatedOnToolsVersion = 16.0;
					};
				};
			};
			buildConfigurationList = D90A07D92C3ACFE3000FEF36 /* Build configuration list for PBXProject "KeyboardShortcutsConflictTest" */;
			compatibilityVersion = "Xcode 15.0";
			developmentRegion = en;
			hasScannedForEncodings = 0;
			knownRegions = (
				en,
				Base,
			);
			mainGroup = D90A07D52C3ACFE3000FEF36;
			packageReferences = (
				D90A07F02C3AD02C000FEF36 /* XCRemoteSwiftPackageReference "KeyboardShortcuts" */,
			);
			productRefGroup = D90A07DF2C3ACFE3000FEF36 /* Products */;
			projectDirPath = "";
			projectRoot = "";
			targets = (
				D90A07DD2C3ACFE3000FEF36 /* KeyboardShortcutsConflictTest */,
			);
		};
/* End PBXProject section */

/* Begin PBXResourcesBuildPhase section */
		D90A07DC2C3ACFE3000FEF36 /* Resources */ = {
			isa = PBXResourcesBuildPhase;
			buildActionMask = 2147483647;
			files = (
				D90A07E92C3ACFE4000FEF36 /* Preview Assets.xcassets in Resources */,
				D90A07E62C3ACFE4000FEF36 /* Assets.xcassets in Resources */,
			);
			runOnlyForDeploymentPostprocessing = 0;
		};
/* End PBXResourcesBuildPhase section */

/* Begin PBXSourcesBuildPhase section */
		D90A07DA2C3ACFE3000FEF36 /* Sources */ = {
			isa = PBXSourcesBuildPhase;
			buildActionMask = 2147483647;
			files = (
				D90A07E42C3ACFE3000FEF36 /* ContentView.swift in Sources */,
				D90A07E22C3ACFE3000FEF36 /* KeyboardShortcutsConflictTestApp.swift in Sources */,
			);
			runOnlyForDeploymentPostprocessing = 0;
		};
/* End PBXSourcesBuildPhase section */

/* Begin XCBuildConfiguration section */
		D90A07EB2C3ACFE4000FEF36 /* Debug */ = {
			isa = XCBuildConfiguration;
			buildSettings = {
				ALWAYS_SEARCH_USER_PATHS = NO;
				ASSETCATALOG_COMPILER_GENERATE_SWIFT_ASSET_SYMBOL_EXTENSIONS = YES;
				CLANG_ANALYZER_NONNULL = YES;
				CLANG_ANALYZER_NUMBER_OBJECT_CONVERSION = YES_AGGRESSIVE;
				CLANG_CXX_LANGUAGE_STANDARD = "gnu++20";
				CLANG_ENABLE_MODULES = YES;
				CLANG_ENABLE_OBJC_ARC = YES;
				CLANG_ENABLE_OBJC_WEAK = YES;
				CLANG_WARN_BLOCK_CAPTURE_AUTORELEASING = YES;
				CLANG_WARN_BOOL_CONVERSION = YES;
				CLANG_WARN_COMMA = YES;
				CLANG_WARN_CONSTANT_CONVERSION = YES;
				CLANG_WARN_DEPRECATED_OBJC_IMPLEMENTATIONS = YES;
				CLANG_WARN_DIRECT_OBJC_ISA_USAGE = YES_ERROR;
				CLANG_WARN_DOCUMENTATION_COMMENTS = YES;
				CLANG_WARN_EMPTY_BODY = YES;
				CLANG_WARN_ENUM_CONVERSION = YES;
				CLANG_WARN_INFINITE_RECURSION = YES;
				CLANG_WARN_INT_CONVERSION = YES;
				CLANG_WARN_NON_LITERAL_NULL_CONVERSION = YES;
				CLANG_WARN_OBJC_IMPLICIT_RETAIN_SELF = YES;
				CLANG_WARN_OBJC_LITERAL_CONVERSION = YES;
				CLANG_WARN_OBJC_ROOT_CLASS = YES_ERROR;
				CLANG_WARN_QUOTED_INCLUDE_IN_FRAMEWORK_HEADER = YES;
				CLANG_WARN_RANGE_LOOP_ANALYSIS = YES;
				CLANG_WARN_STRICT_PROTOTYPES = YES;
				CLANG_WARN_SUSPICIOUS_MOVE = YES;
				CLANG_WARN_UNGUARDED_AVAILABILITY = YES_AGGRESSIVE;
				CLANG_WARN_UNREACHABLE_CODE = YES;
				CLANG_WARN__DUPLICATE_METHOD_MATCH = YES;
				COPY_PHASE_STRIP = NO;
				DEBUG_INFORMATION_FORMAT = dwarf;
				ENABLE_STRICT_OBJC_MSGSEND = YES;
				ENABLE_TESTABILITY = YES;
				ENABLE_USER_SCRIPT_SANDBOXING = YES;
				GCC_C_LANGUAGE_STANDARD = gnu17;
				GCC_DYNAMIC_NO_PIC = NO;
				GCC_NO_COMMON_BLOCKS = YES;
				GCC_OPTIMIZATION_LEVEL = 0;
				GCC_PREPROCESSOR_DEFINITIONS = (
					"DEBUG=1",
					"$(inherited)",
				);
				GCC_WARN_64_TO_32_BIT_CONVERSION = YES;
				GCC_WARN_ABOUT_RETURN_TYPE = YES_ERROR;
				GCC_WARN_UNDECLARED_SELECTOR = YES;
				GCC_WARN_UNINITIALIZED_AUTOS = YES_AGGRESSIVE;
				GCC_WARN_UNUSED_FUNCTION = YES;
				GCC_WARN_UNUSED_VARIABLE = YES;
				LOCALIZATION_PREFERS_STRING_CATALOGS = YES;
				MACOSX_DEPLOYMENT_TARGET = 15.0;
				MTL_ENABLE_DEBUG_INFO = INCLUDE_SOURCE;
				MTL_FAST_MATH = YES;
				ONLY_ACTIVE_ARCH = YES;
				SDKROOT = macosx;
				SWIFT_ACTIVE_COMPILATION_CONDITIONS = "DEBUG $(inherited)";
				SWIFT_OPTIMIZATION_LEVEL = "-Onone";
			};
			name = Debug;
		};
		D90A07EC2C3ACFE4000FEF36 /* Release */ = {
			isa = XCBuildConfiguration;
			buildSettings = {
				ALWAYS_SEARCH_USER_PATHS = NO;
				ASSETCATALOG_COMPILER_GENERATE_SWIFT_ASSET_SYMBOL_EXTENSIONS = YES;
				CLANG_ANALYZER_NONNULL = YES;
				CLANG_ANALYZER_NUMBER_OBJECT_CONVERSION = YES_AGGRESSIVE;
				CLANG_CXX_LANGUAGE_STANDARD = "gnu++20";
				CLANG_ENABLE_MODULES = YES;
				CLANG_ENABLE_OBJC_ARC = YES;
				CLANG_ENABLE_OBJC_WEAK = YES;
				CLANG_WARN_BLOCK_CAPTURE_AUTORELEASING = YES;
				CLANG_WARN_BOOL_CONVERSION = YES;
				CLANG_WARN_COMMA = YES;
				CLANG_WARN_CONSTANT_CONVERSION = YES;
				CLANG_WARN_DEPRECATED_OBJC_IMPLEMENTATIONS = YES;
				CLANG_WARN_DIRECT_OBJC_ISA_USAGE = YES_ERROR;
				CLANG_WARN_DOCUMENTATION_COMMENTS = YES;
				CLANG_WARN_EMPTY_BODY = YES;
				CLANG_WARN_ENUM_CONVERSION = YES;
				CLANG_WARN_INFINITE_RECURSION = YES;
				CLANG_WARN_INT_CONVERSION = YES;
				CLANG_WARN_NON_LITERAL_NULL_CONVERSION = YES;
				CLANG_WARN_OBJC_IMPLICIT_RETAIN_SELF = YES;
				CLANG_WARN_OBJC_LITERAL_CONVERSION = YES;
				CLANG_WARN_OBJC_ROOT_CLASS = YES_ERROR;
				CLANG_WARN_QUOTED_INCLUDE_IN_FRAMEWORK_HEADER = YES;
				CLANG_WARN_RANGE_LOOP_ANALYSIS = YES;
				CLANG_WARN_STRICT_PROTOTYPES = YES;
				CLANG_WARN_SUSPICIOUS_MOVE = YES;
				CLANG_WARN_UNGUARDED_AVAILABILITY = YES_AGGRESSIVE;
				CLANG_WARN_UNREACHABLE_CODE = YES;
				CLANG_WARN__DUPLICATE_METHOD_MATCH = YES;
				COPY_PHASE_STRIP = NO;
				DEBUG_INFORMATION_FORMAT = "dwarf-with-dsym";
				ENABLE_NS_ASSERTIONS = NO;
				ENABLE_STRICT_OBJC_MSGSEND = YES;
				ENABLE_USER_SCRIPT_SANDBOXING = YES;
				GCC_C_LANGUAGE_STANDARD = gnu17;
				GCC_NO_COMMON_BLOCKS = YES;
				GCC_WARN_64_TO_32_BIT_CONVERSION = YES;
				GCC_WARN_ABOUT_RETURN_TYPE = YES_ERROR;
				GCC_WARN_UNDECLARED_SELECTOR = YES;
				GCC_WARN_UNINITIALIZED_AUTOS = YES_AGGRESSIVE;
				GCC_WARN_UNUSED_FUNCTION = YES;
				GCC_WARN_UNUSED_VARIABLE = YES;
				LOCALIZATION_PREFERS_STRING_CATALOGS = YES;
				MACOSX_DEPLOYMENT_TARGET = 15.0;
				MTL_ENABLE_DEBUG_INFO = NO;
				MTL_FAST_MATH = YES;
				SDKROOT = macosx;
				SWIFT_COMPILATION_MODE = wholemodule;
			};
			name = Release;
		};
		D90A07EE2C3ACFE4000FEF36 /* Debug */ = {
			isa = XCBuildConfiguration;
			buildSettings = {
				ASSETCATALOG_COMPILER_APPICON_NAME = AppIcon;
				ASSETCATALOG_COMPILER_GLOBAL_ACCENT_COLOR_NAME = AccentColor;
				CODE_SIGN_ENTITLEMENTS = KeyboardShortcutsConflictTest/KeyboardShortcutsConflictTest.entitlements;
				CODE_SIGN_STYLE = Automatic;
				COMBINE_HIDPI_IMAGES = YES;
				CURRENT_PROJECT_VERSION = 1;
				DEVELOPMENT_ASSET_PATHS = "\"KeyboardShortcutsConflictTest/Preview Content\"";
				DEVELOPMENT_TEAM = 4VYV5C3L3Y;
				ENABLE_HARDENED_RUNTIME = YES;
				ENABLE_PREVIEWS = YES;
				GENERATE_INFOPLIST_FILE = YES;
				INFOPLIST_KEY_NSHumanReadableCopyright = "";
				LD_RUNPATH_SEARCH_PATHS = (
					"$(inherited)",
					"@executable_path/../Frameworks",
				);
				MARKETING_VERSION = 1.0;
				PRODUCT_BUNDLE_IDENTIFIER = com.michelstorms.KeyboardShortcutsConflictTest;
				PRODUCT_NAME = "$(TARGET_NAME)";
				SWIFT_EMIT_LOC_STRINGS = YES;
				SWIFT_VERSION = 5.0;
			};
			name = Debug;
		};
		D90A07EF2C3ACFE4000FEF36 /* Release */ = {
			isa = XCBuildConfiguration;
			buildSettings = {
				ASSETCATALOG_COMPILER_APPICON_NAME = AppIcon;
				ASSETCATALOG_COMPILER_GLOBAL_ACCENT_COLOR_NAME = AccentColor;
				CODE_SIGN_ENTITLEMENTS = KeyboardShortcutsConflictTest/KeyboardShortcutsConflictTest.entitlements;
				CODE_SIGN_STYLE = Automatic;
				COMBINE_HIDPI_IMAGES = YES;
				CURRENT_PROJECT_VERSION = 1;
				DEVELOPMENT_ASSET_PATHS = "\"KeyboardShortcutsConflictTest/Preview Content\"";
				DEVELOPMENT_TEAM = 4VYV5C3L3Y;
				ENABLE_HARDENED_RUNTIME = YES;
				ENABLE_PREVIEWS = YES;
				GENERATE_INFOPLIST_FILE = YES;
				INFOPLIST_KEY_NSHumanReadableCopyright = "";
				LD_RUNPATH_SEARCH_PATHS = (
					"$(inherited)",
					"@executable_path/../Frameworks",
				);
				MARKETING_VERSION = 1.0;
				PRODUCT_BUNDLE_IDENTIFIER = com.michelstorms.KeyboardShortcutsConflictTest;
				PRODUCT_NAME = "$(TARGET_NAME)";
				SWIFT_EMIT_LOC_STRINGS = YES;
				SWIFT_VERSION = 5.0;
			};
			name = Release;
		};
/* End XCBuildConfiguration section */

/* Begin XCConfigurationList section */
		D90A07D92C3ACFE3000FEF36 /* Build configuration list for PBXProject "KeyboardShortcutsConflictTest" */ = {
			isa = XCConfigurationList;
			buildConfigurations = (
				D90A07EB2C3ACFE4000FEF36 /* Debug */,
				D90A07EC2C3ACFE4000FEF36 /* Release */,
			);
			defaultConfigurationIsVisible = 0;
			defaultConfigurationName = Release;
		};
		D90A07ED2C3ACFE4000FEF36 /* Build configuration list for PBXNativeTarget "KeyboardShortcutsConflictTest" */ = {
			isa = XCConfigurationList;
			buildConfigurations = (
				D90A07EE2C3ACFE4000FEF36 /* Debug */,
				D90A07EF2C3ACFE4000FEF36 /* Release */,
			);
			defaultConfigurationIsVisible = 0;
			defaultConfigurationName = Release;
		};
/* End XCConfigurationList section */

/* Begin XCRemoteSwiftPackageReference section */
		D90A07F02C3AD02C000FEF36 /* XCRemoteSwiftPackageReference "KeyboardShortcuts" */ = {
			isa = XCRemoteSwiftPackageReference;
			repositoryURL = "https://github.com/sindresorhus/KeyboardShortcuts";
			requirement = {
				kind = upToNextMajorVersion;
				minimumVersion = 2.0.1;
			};
		};
/* End XCRemoteSwiftPackageReference section */

/* Begin XCSwiftPackageProductDependency section */
		D90A07F12C3AD02C000FEF36 /* KeyboardShortcuts */ = {
			isa = XCSwiftPackageProductDependency;
			package = D90A07F02C3AD02C000FEF36 /* XCRemoteSwiftPackageReference "KeyboardShortcuts" */;
			productName = KeyboardShortcuts;
		};
/* End XCSwiftPackageProductDependency section */
	};
	rootObject = D90A07D62C3ACFE3000FEF36 /* Project object */;
}
